{
  "version": 4,
  "terraform_version": "1.5.7",
  "serial": 6,
  "lineage": "c7fa242d-bf9c-ea65-e2eb-021132259874",
  "outputs": {},
  "resources": [
    {
      "module": "module.terraform_network",
      "mode": "managed",
      "type": "oci_core_route_table",
      "name": "amazon_route_table",
      "provider": "provider[\"registry.terraform.io/hashicorp/oci\"]",
      "instances": [
        {
          "schema_version": 0,
          "attributes": {
            "compartment_id": "ocid1.compartment.oc1..aaaaaaaaun26deael5vk6j6lz2wovda56x7hepw56j66oqkpj5mzoud55gwq",
            "defined_tags": {
              "Oracle-Tags.CreatedBy": "default/www.anjanee@gmail.com",
              "Oracle-Tags.CreatedOn": "2026-07-23T14:23:27.360Z"
            },
            "display_name": "amazon_rt",
            "freeform_tags": {},
            "id": "ocid1.routetable.oc1.iad.aaaaaaaazdge3yetueqis4igt7getg7fd6ckj5veota2arepi72owg5zsb2q",
            "route_rules": [],
            "state": "AVAILABLE",
            "time_created": "2026-07-23 14:23:27.38 +0000 UTC",
            "timeouts": null,
            "vcn_id": "ocid1.vcn.oc1.iad.amaaaaaah2vcsdqavcmhgn5g237cxbpoutiu75qqgs7bhzmalacu6iytvu4q"
          },
          "sensitive_attributes": [],
          "private": "eyJlMmJmYjczMC1lY2FhLTExZTYtOGY4OC0zNDM2M2JjN2M0YzAiOnsiY3JlYXRlIjoxMjAwMDAwMDAwMDAwLCJkZWxldGUiOjEyMDAwMDAwMDAwMDAsInVwZGF0ZSI6MTIwMDAwMDAwMDAwMH19",
          "dependencies": [
            "module.terraform_network.oci_core_vcn.generated_oci_core_vcn"
          ]
        }
      ]
    },
    {
      "module": "module.terraform_network",
      "mode": "managed",
      "type": "oci_core_security_list",
      "name": "amazon_security_list",
      "provider": "provider[\"registry.terraform.io/hashicorp/oci\"]",
      "instances": [
        {
          "schema_version": 0,
          "attributes": {
            "compartment_id": "ocid1.compartment.oc1..aaaaaaaaun26deael5vk6j6lz2wovda56x7hepw56j66oqkpj5mzoud55gwq",
            "defined_tags": {
              "Oracle-Tags.CreatedBy": "default/www.anjanee@gmail.com",
              "Oracle-Tags.CreatedOn": "2026-07-23T14:23:27.355Z"
            },
            "display_name": "amazon_sl",
            "egress_security_rules": [
              {
                "description": "",
                "destination": "0.0.0.0/0",
                "destination_type": "CIDR_BLOCK",
                "icmp_options": [],
                "protocol": "all",
                "stateless": false,
                "tcp_options": [],
                "udp_options": []
              }
            ],
            "freeform_tags": {},
            "id": "ocid1.securitylist.oc1.iad.aaaaaaaasprqhbti6zmnx6c3nyieitsbizha6dwfwqmerkmq4dtguwnvuhua",
            "ingress_security_rules": [
              {
                "description": "",
                "icmp_options": [],
                "protocol": "6",
                "source": "10.0.0.0/24",
                "source_type": "CIDR_BLOCK",
                "stateless": false,
                "tcp_options": [
                  {
                    "max": 22,
                    "min": 22,
                    "source_port_range": []
                  }
                ],
                "udp_options": []
              },
              {
                "description": "",
                "icmp_options": [],
                "protocol": "6",
                "source": "10.0.1.0/24",
                "source_type": "CIDR_BLOCK",
                "stateless": false,
                "tcp_options": [
                  {
                    "max": 22,
                    "min": 22,
                    "source_port_range": []
                  }
                ],
                "udp_options": []
              }
            ],
            "state": "AVAILABLE",
            "time_created": "2026-07-23 14:23:27.387 +0000 UTC",
            "timeouts": null,
            "vcn_id": "ocid1.vcn.oc1.iad.amaaaaaah2vcsdqavcmhgn5g237cxbpoutiu75qqgs7bhzmalacu6iytvu4q"
          },
          "sensitive_attributes": [],
          "private": "eyJlMmJmYjczMC1lY2FhLTExZTYtOGY4OC0zNDM2M2JjN2M0YzAiOnsiY3JlYXRlIjoxMjAwMDAwMDAwMDAwLCJkZWxldGUiOjEyMDAwMDAwMDAwMDAsInVwZGF0ZSI6MTIwMDAwMDAwMDAwMH19",
          "dependencies": [
            "module.terraform_network.oci_core_vcn.generated_oci_core_vcn"
          ]
        }
      ]
    },
    {
      "module": "module.terraform_network",
      "mode": "managed",
      "type": "oci_core_subnet",
      "name": "amazon_private_subnet",
      "provider": "provider[\"registry.terraform.io/hashicorp/oci\"]",
      "instances": [
        {
          "index_key": "app",
          "schema_version": 0,
          "attributes": {
            "availability_domain": null,
            "cidr_block": "10.0.1.0/25",
            "compartment_id": "ocid1.compartment.oc1..aaaaaaaaun26deael5vk6j6lz2wovda56x7hepw56j66oqkpj5mzoud55gwq",
            "defined_tags": {
              "Oracle-Tags.CreatedBy": "default/www.anjanee@gmail.com",
              "Oracle-Tags.CreatedOn": "2026-07-23T14:23:27.797Z"
            },
            "dhcp_options_id": "ocid1.dhcpoptions.oc1.iad.aaaaaaaasbx46pqwvw4fnfjdz4zfcvm7gh5ggrvjkjphpepunx4q6majk6na",
            "display_name": "amazon_pvt_subnet",
            "dns_label": "amazonpvt",
            "freeform_tags": {},
            "id": "ocid1.subnet.oc1.iad.aaaaaaaajqlr3vm3bq26tknkx7vbs3jm4w5me4ngnm65hepffjdavpfu5exq",
            "ipv4cidr_blocks": [
              "10.0.1.0/25"
            ],
            "ipv6cidr_block": null,
            "ipv6cidr_blocks": [],
            "ipv6virtual_router_ip": null,
            "prohibit_internet_ingress": true,
            "prohibit_public_ip_on_vnic": true,
            "route_table_id": "ocid1.routetable.oc1.iad.aaaaaaaazdge3yetueqis4igt7getg7fd6ckj5veota2arepi72owg5zsb2q",
            "security_list_ids": [
              "ocid1.securitylist.oc1.iad.aaaaaaaasprqhbti6zmnx6c3nyieitsbizha6dwfwqmerkmq4dtguwnvuhua"
            ],
            "state": "AVAILABLE",
            "subnet_domain_name": "amazonpvt.amazonvcn.oraclevcn.com",
            "time_created": "2026-07-23 14:23:27.836 +0000 UTC",
            "timeouts": null,
            "vcn_id": "ocid1.vcn.oc1.iad.amaaaaaah2vcsdqavcmhgn5g237cxbpoutiu75qqgs7bhzmalacu6iytvu4q",
            "virtual_router_ip": "10.0.1.1",
            "virtual_router_mac": "00:00:17:98:9C:2A"
          },
          "sensitive_attributes": [],
          "private": "eyJlMmJmYjczMC1lY2FhLTExZTYtOGY4OC0zNDM2M2JjN2M0YzAiOnsiY3JlYXRlIjoxMjAwMDAwMDAwMDAwLCJkZWxldGUiOjEyMDAwMDAwMDAwMDAsInVwZGF0ZSI6MTIwMDAwMDAwMDAwMH19",
          "dependencies": [
            "module.terraform_network.oci_core_route_table.amazon_route_table",
            "module.terraform_network.oci_core_security_list.amazon_security_list",
            "module.terraform_network.oci_core_vcn.generated_oci_core_vcn"
          ]
        }
      ]
    },
    {
      "module": "module.terraform_network",
      "mode": "managed",
      "type": "oci_core_vcn",
      "name": "generated_oci_core_vcn",
      "provider": "provider[\"registry.terraform.io/hashicorp/oci\"]",
      "instances": [
        {
          "schema_version": 0,
          "attributes": {
            "byoipv6cidr_blocks": [],
            "byoipv6cidr_details": [],
            "cidr_block": "10.0.1.0/24",
            "cidr_blocks": [
              "10.0.1.0/24"
            ],
            "compartment_id": "ocid1.compartment.oc1..aaaaaaaaun26deael5vk6j6lz2wovda56x7hepw56j66oqkpj5mzoud55gwq",
            "default_dhcp_options_id": "ocid1.dhcpoptions.oc1.iad.aaaaaaaasbx46pqwvw4fnfjdz4zfcvm7gh5ggrvjkjphpepunx4q6majk6na",
            "default_route_table_id": "ocid1.routetable.oc1.iad.aaaaaaaaoswl2h3ny53rnt6dboomfs22ieno5pnfp4qggwnmyvlhhzlyjn4a",
            "default_security_list_id": "ocid1.securitylist.oc1.iad.aaaaaaaasidktinpmdhwlb4dx34zarywhcuifqvdvqtzspkut7slddb6xysa",
            "defined_tags": {
              "Oracle-Tags.CreatedBy": "default/www.anjanee@gmail.com",
              "Oracle-Tags.CreatedOn": "2026-07-23T14:23:26.728Z"
            },
            "display_name": "amazon_vcn",
            "dns_label": "amazonvcn",
            "freeform_tags": {},
            "id": "ocid1.vcn.oc1.iad.amaaaaaah2vcsdqavcmhgn5g237cxbpoutiu75qqgs7bhzmalacu6iytvu4q",
            "ipv6cidr_blocks": [],
            "ipv6private_cidr_blocks": [],
            "is_ipv6enabled": false,
            "is_oracle_gua_allocation_enabled": null,
            "security_attributes": {},
            "state": "AVAILABLE",
            "time_created": "2026-07-23 14:23:26.79 +0000 UTC",
            "timeouts": null,
            "vcn_domain_name": "amazonvcn.oraclevcn.com"
          },
          "sensitive_attributes": [],
          "private": "eyJlMmJmYjczMC1lY2FhLTExZTYtOGY4OC0zNDM2M2JjN2M0YzAiOnsiY3JlYXRlIjoxMjAwMDAwMDAwMDAwLCJkZWxldGUiOjEyMDAwMDAwMDAwMDAsInVwZGF0ZSI6MTIwMDAwMDAwMDAwMH19"
        }
      ]
    }
  ],
  "check_results": null
}
