{
  "version": 4,
  "terraform_version": "1.5.7",
  "serial": 1,
  "lineage": "c7fa242d-bf9c-ea65-e2eb-021132259874",
  "outputs": {},
  "resources": [
    {
      "module": "module.terraform_network",
      "mode": "managed",
      "type": "oci_core_vcn",
      "name": "generated_oci_core_vcn",
      "provider": "provider[\"registry.terraform.io/hashicorp/oci\"]",
      "instances": [
        {
          "schema_version": 0,
          "attributes": {
            "byoipv6cidr_blocks": [],
            "byoipv6cidr_details": [],
            "cidr_block": "10.0.1.0/24",
            "cidr_blocks": [
              "10.0.1.0/24"
            ],
            "compartment_id": "ocid1.compartment.oc1..aaaaaaaaun26deael5vk6j6lz2wovda56x7hepw56j66oqkpj5mzoud55gwq",
            "default_dhcp_options_id": "ocid1.dhcpoptions.oc1.iad.aaaaaaaa7wzt3ql2rhujejx4dbdis36nglvhxlt2hvteggodl3ci5evfbdha",
            "default_route_table_id": "ocid1.routetable.oc1.iad.aaaaaaaavxweovraop72occrtyhbrj7p6ykz6s26q2za3enr2i6xmqgqcuxq",
            "default_security_list_id": "ocid1.securitylist.oc1.iad.aaaaaaaannvbfdvaatdg2nnzyx2t2f64cfugmw7o76pqgfjh7znqnah3hywa",
            "defined_tags": {
              "Oracle-Tags.CreatedBy": "default/www.anjanee@gmail.com",
              "Oracle-Tags.CreatedOn": "2026-07-23T14:07:27.330Z"
            },
            "display_name": "amazon_vcn",
            "dns_label": "amazonvcn",
            "freeform_tags": {},
            "id": "ocid1.vcn.oc1.iad.amaaaaaah2vcsdqaxmqw7xootw4fa6qtjucnrlk5cmr4mdztrcjq2ll6a5hq",
            "ipv6cidr_blocks": [],
            "ipv6private_cidr_blocks": [],
            "is_ipv6enabled": false,
            "is_oracle_gua_allocation_enabled": null,
            "security_attributes": {},
            "state": "AVAILABLE",
            "time_created": "2026-07-23 14:07:27.524 +0000 UTC",
            "timeouts": null,
            "vcn_domain_name": "amazonvcn.oraclevcn.com"
          },
          "sensitive_attributes": [],
          "private": "eyJlMmJmYjczMC1lY2FhLTExZTYtOGY4OC0zNDM2M2JjN2M0YzAiOnsiY3JlYXRlIjoxMjAwMDAwMDAwMDAwLCJkZWxldGUiOjEyMDAwMDAwMDAwMDAsInVwZGF0ZSI6MTIwMDAwMDAwMDAwMH19"
        }
      ]
    }
  ],
  "check_results": null
}
